// !$*UTF8*$!
{
	archiveVersion = 1;
	classes = {
	};
	objectVersion = 50;
	objects = {

/* Begin PBXBuildFile section */
		7DBDD18A6FBB7C349717AE1E /* ApiConstants.swift in Sources */ = {isa = PBXBuildFile; fileRef = 7DBDDCCC650DE098B7E055D6 /* ApiConstants.swift */; };
		7DBDD415FFC3531225B44AB5 /* RepositoryOwner.swift in Sources */ = {isa = PBXBuildFile; fileRef = 7DBDDC57B46FC6A1F20EFFE5 /* RepositoryOwner.swift */; };
		7DBDD450613CAD55A57E5531 /* ApiError.swift in Sources */ = {isa = PBXBuildFile; fileRef = 7DBDDCF0C080152285029282 /* ApiError.swift */; };
		7DBDD4D2A8570147AC06A4DA /* ApiExecutionService.swift in Sources */ = {isa = PBXBuildFile; fileRef = 7DBDDFE6C7E295AFCFC24229 /* ApiExecutionService.swift */; };
		7DBDD6CAE2CEA72C0ED28E09 /* ListReposVC.swift in Sources */ = {isa = PBXBuildFile; fileRef = 7DBDD81D5C0ECDFC72E302B8 /* ListReposVC.swift */; };
		7DBDD8BA76FC989D66369F73 /* ApiResult.swift in Sources */ = {isa = PBXBuildFile; fileRef = 7DBDDD108A3133E9AD80B5AB /* ApiResult.swift */; };
		7DBDD94AA7D403247982B802 /* ListReposVC.xib in Resources */ = {isa = PBXBuildFile; fileRef = 7DBDD30808D6C13188343F16 /* ListReposVC.xib */; };
		7DBDDD32A40D26A695709CFB /* GithubRepository.swift in Sources */ = {isa = PBXBuildFile; fileRef = 7DBDD43BD3E0C635F5EBF021 /* GithubRepository.swift */; };
		7DBDDF5D6FE62894C75765ED /* GithubApi.swift in Sources */ = {isa = PBXBuildFile; fileRef = 7DBDD503DD9E4FF5F61F8838 /* GithubApi.swift */; };
		7DBDDF95B154CE12F58CB04E /* Repository.swift in Sources */ = {isa = PBXBuildFile; fileRef = 7DBDD1D5D8984D6305673381 /* Repository.swift */; };
		FFF28BD42122BAF400DA94F4 /* AppDelegate.swift in Sources */ = {isa = PBXBuildFile; fileRef = FFF28BD32122BAF400DA94F4 /* AppDelegate.swift */; };
		FFF28BDB2122BAF600DA94F4 /* Assets.xcassets in Resources */ = {isa = PBXBuildFile; fileRef = FFF28BDA2122BAF600DA94F4 /* Assets.xcassets */; };
		FFF28BDE2122BAF600DA94F4 /* LaunchScreen.storyboard in Resources */ = {isa = PBXBuildFile; fileRef = FFF28BDC2122BAF600DA94F4 /* LaunchScreen.storyboard */; };
		FFF28BE92122BAF600DA94F4 /* GithubReposAppTests.swift in Sources */ = {isa = PBXBuildFile; fileRef = FFF28BE82122BAF600DA94F4 /* GithubReposAppTests.swift */; };
		FFF28BF42122BAF600DA94F4 /* GithubReposAppUITests.swift in Sources */ = {isa = PBXBuildFile; fileRef = FFF28BF32122BAF600DA94F4 /* GithubReposAppUITests.swift */; };
		FFF28C182122D11A00DA94F4 /* Nimble.framework in Resources */ = {isa = PBXBuildFile; fileRef = FFF28C022122CE6900DA94F4 /* Nimble.framework */; };
		FFF28C192122D11A00DA94F4 /* Quick.framework in Resources */ = {isa = PBXBuildFile; fileRef = FFF28C032122CE6900DA94F4 /* Quick.framework */; };
		FFF28C1A2122D12D00DA94F4 /* Nimble.framework in Frameworks */ = {isa = PBXBuildFile; fileRef = FFF28C022122CE6900DA94F4 /* Nimble.framework */; };
		FFF28C1B2122D12D00DA94F4 /* Quick.framework in Frameworks */ = {isa = PBXBuildFile; fileRef = FFF28C032122CE6900DA94F4 /* Quick.framework */; };
		FFF28C1C2122D13300DA94F4 /* Nimble.framework in Frameworks */ = {isa = PBXBuildFile; fileRef = FFF28C022122CE6900DA94F4 /* Nimble.framework */; };
		FFF28C1D2122D13300DA94F4 /* Quick.framework in Frameworks */ = {isa = PBXBuildFile; fileRef = FFF28C032122CE6900DA94F4 /* Quick.framework */; };
		FFF28C1E2122D13800DA94F4 /* Nimble.framework in Resources */ = {isa = PBXBuildFile; fileRef = FFF28C022122CE6900DA94F4 /* Nimble.framework */; };
		FFF28C1F2122D13800DA94F4 /* Quick.framework in Resources */ = {isa = PBXBuildFile; fileRef = FFF28C032122CE6900DA94F4 /* Quick.framework */; };
		FFF28C202122D1AD00DA94F4 /* Alamofire.framework in Frameworks */ = {isa = PBXBuildFile; fileRef = FFF28C0C2122CEDC00DA94F4 /* Alamofire.framework */; };
/* End PBXBuildFile section */

/* Begin PBXContainerItemProxy section */
		FFF28BE52122BAF600DA94F4 /* PBXContainerItemProxy */ = {
			isa = PBXContainerItemProxy;
			containerPortal = FFF28BC82122BAF400DA94F4 /* Project object */;
			proxyType = 1;
			remoteGlobalIDString = FFF28BCF2122BAF400DA94F4;
			remoteInfo = GithubReposApp;
		};
		FFF28BF02122BAF600DA94F4 /* PBXContainerItemProxy */ = {
			isa = PBXContainerItemProxy;
			containerPortal = FFF28BC82122BAF400DA94F4 /* Project object */;
			proxyType = 1;
			remoteGlobalIDString = FFF28BCF2122BAF400DA94F4;
			remoteInfo = GithubReposApp;
		};
/* End PBXContainerItemProxy section */

/* Begin PBXFileReference section */
		7DBDD1D5D8984D6305673381 /* Repository.swift */ = {isa = PBXFileReference; fileEncoding = 4; lastKnownFileType = sourcecode.swift; path = Repository.swift; sourceTree = "<group>"; };
		7DBDD30808D6C13188343F16 /* ListReposVC.xib */ = {isa = PBXFileReference; lastKnownFileType = file.xib; path = ListReposVC.xib; sourceTree = "<group>"; };
		7DBDD43BD3E0C635F5EBF021 /* GithubRepository.swift */ = {isa = PBXFileReference; fileEncoding = 4; lastKnownFileType = sourcecode.swift; path = GithubRepository.swift; sourceTree = "<group>"; };
		7DBDD503DD9E4FF5F61F8838 /* GithubApi.swift */ = {isa = PBXFileReference; fileEncoding = 4; lastKnownFileType = sourcecode.swift; path = GithubApi.swift; sourceTree = "<group>"; };
		7DBDD81D5C0ECDFC72E302B8 /* ListReposVC.swift */ = {isa = PBXFileReference; fileEncoding = 4; lastKnownFileType = sourcecode.swift; path = ListReposVC.swift; sourceTree = "<group>"; };
		7DBDDC57B46FC6A1F20EFFE5 /* RepositoryOwner.swift */ = {isa = PBXFileReference; fileEncoding = 4; lastKnownFileType = sourcecode.swift; path = RepositoryOwner.swift; sourceTree = "<group>"; };
		7DBDDCCC650DE098B7E055D6 /* ApiConstants.swift */ = {isa = PBXFileReference; fileEncoding = 4; lastKnownFileType = sourcecode.swift; path = ApiConstants.swift; sourceTree = "<group>"; };
		7DBDDCF0C080152285029282 /* ApiError.swift */ = {isa = PBXFileReference; fileEncoding = 4; lastKnownFileType = sourcecode.swift; path = ApiError.swift; sourceTree = "<group>"; };
		7DBDDD108A3133E9AD80B5AB /* ApiResult.swift */ = {isa = PBXFileReference; fileEncoding = 4; lastKnownFileType = sourcecode.swift; path = ApiResult.swift; sourceTree = "<group>"; };
		7DBDDFE6C7E295AFCFC24229 /* ApiExecutionService.swift */ = {isa = PBXFileReference; fileEncoding = 4; lastKnownFileType = sourcecode.swift; path = ApiExecutionService.swift; sourceTree = "<group>"; };
		FFF28BD02122BAF400DA94F4 /* GithubReposApp.app */ = {isa = PBXFileReference; explicitFileType = wrapper.application; includeInIndex = 0; path = GithubReposApp.app; sourceTree = BUILT_PRODUCTS_DIR; };
		FFF28BD32122BAF400DA94F4 /* AppDelegate.swift */ = {isa = PBXFileReference; lastKnownFileType = sourcecode.swift; path = AppDelegate.swift; sourceTree = "<group>"; };
		FFF28BDA2122BAF600DA94F4 /* Assets.xcassets */ = {isa = PBXFileReference; lastKnownFileType = folder.assetcatalog; path = Assets.xcassets; sourceTree = "<group>"; };
		FFF28BDD2122BAF600DA94F4 /* Base */ = {isa = PBXFileReference; lastKnownFileType = file.storyboard; name = Base; path = Base.lproj/LaunchScreen.storyboard; sourceTree = "<group>"; };
		FFF28BDF2122BAF600DA94F4 /* Info.plist */ = {isa = PBXFileReference; lastKnownFileType = text.plist.xml; path = Info.plist; sourceTree = "<group>"; };
		FFF28BE42122BAF600DA94F4 /* GithubReposAppTests.xctest */ = {isa = PBXFileReference; explicitFileType = wrapper.cfbundle; includeInIndex = 0; path = GithubReposAppTests.xctest; sourceTree = BUILT_PRODUCTS_DIR; };
		FFF28BE82122BAF600DA94F4 /* GithubReposAppTests.swift */ = {isa = PBXFileReference; lastKnownFileType = sourcecode.swift; path = GithubReposAppTests.swift; sourceTree = "<group>"; };
		FFF28BEA2122BAF600DA94F4 /* Info.plist */ = {isa = PBXFileReference; lastKnownFileType = text.plist.xml; path = Info.plist; sourceTree = "<group>"; };
		FFF28BEF2122BAF600DA94F4 /* GithubReposAppUITests.xctest */ = {isa = PBXFileReference; explicitFileType = wrapper.cfbundle; includeInIndex = 0; path = GithubReposAppUITests.xctest; sourceTree = BUILT_PRODUCTS_DIR; };
		FFF28BF32122BAF600DA94F4 /* GithubReposAppUITests.swift */ = {isa = PBXFileReference; lastKnownFileType = sourcecode.swift; path = GithubReposAppUITests.swift; sourceTree = "<group>"; };
		FFF28BF52122BAF600DA94F4 /* Info.plist */ = {isa = PBXFileReference; lastKnownFileType = text.plist.xml; path = Info.plist; sourceTree = "<group>"; };
		FFF28C022122CE6900DA94F4 /* Nimble.framework */ = {isa = PBXFileReference; lastKnownFileType = wrapper.framework; name = Nimble.framework; path = Carthage/Build/iOS/Nimble.framework; sourceTree = "<group>"; };
		FFF28C032122CE6900DA94F4 /* Quick.framework */ = {isa = PBXFileReference; lastKnownFileType = wrapper.framework; name = Quick.framework; path = Carthage/Build/iOS/Quick.framework; sourceTree = "<group>"; };
		FFF28C0C2122CEDC00DA94F4 /* Alamofire.framework */ = {isa = PBXFileReference; lastKnownFileType = wrapper.framework; name = Alamofire.framework; path = Carthage/Build/iOS/Alamofire.framework; sourceTree = "<group>"; };
/* End PBXFileReference section */

/* Begin PBXFrameworksBuildPhase section */
		FFF28BCD2122BAF400DA94F4 /* Frameworks */ = {
			isa = PBXFrameworksBuildPhase;
			buildActionMask = 2147483647;
			files = (
				FFF28C202122D1AD00DA94F4 /* Alamofire.framework in Frameworks */,
			);
			runOnlyForDeploymentPostprocessing = 0;
		};
		FFF28BE12122BAF600DA94F4 /* Frameworks */ = {
			isa = PBXFrameworksBuildPhase;
			buildActionMask = 2147483647;
			files = (
				FFF28C1A2122D12D00DA94F4 /* Nimble.framework in Frameworks */,
				FFF28C1B2122D12D00DA94F4 /* Quick.framework in Frameworks */,
			);
			runOnlyForDeploymentPostprocessing = 0;
		};
		FFF28BEC2122BAF600DA94F4 /* Frameworks */ = {
			isa = PBXFrameworksBuildPhase;
			buildActionMask = 2147483647;
			files = (
				FFF28C1C2122D13300DA94F4 /* Nimble.framework in Frameworks */,
				FFF28C1D2122D13300DA94F4 /* Quick.framework in Frameworks */,
			);
			runOnlyForDeploymentPostprocessing = 0;
		};
/* End PBXFrameworksBuildPhase section */

/* Begin PBXGroup section */
		7DBDD1A3D5C48713F5E1C410 /* network */ = {
			isa = PBXGroup;
			children = (
				7DBDDFE6C7E295AFCFC24229 /* ApiExecutionService.swift */,
				7DBDDD108A3133E9AD80B5AB /* ApiResult.swift */,
				7DBDDCF0C080152285029282 /* ApiError.swift */,
			);
			path = network;
			sourceTree = "<group>";
		};
		7DBDD41118DF7FF7A1820B25 /* entity */ = {
			isa = PBXGroup;
			children = (
				7DBDD1D5D8984D6305673381 /* Repository.swift */,
				7DBDDC57B46FC6A1F20EFFE5 /* RepositoryOwner.swift */,
			);
			path = entity;
			sourceTree = "<group>";
		};
		7DBDD5D1D4BE423E78E5EC5D /* domain */ = {
			isa = PBXGroup;
			children = (
				7DBDD41118DF7FF7A1820B25 /* entity */,
				7DBDDC7258D3ADA9405CA74F /* services */,
			);
			path = domain;
			sourceTree = "<group>";
		};
		7DBDD6E379B8ADFBEBD1DE04 /* repository */ = {
			isa = PBXGroup;
			children = (
				7DBDD43BD3E0C635F5EBF021 /* GithubRepository.swift */,
			);
			path = repository;
			sourceTree = "<group>";
		};
		7DBDD893A2B4C812A237C6E2 /* data */ = {
			isa = PBXGroup;
			children = (
				7DBDD1A3D5C48713F5E1C410 /* network */,
				7DBDD6E379B8ADFBEBD1DE04 /* repository */,
				7DBDD89DF31EB3DAB3CCA475 /* endpoints */,
			);
			path = data;
			sourceTree = "<group>";
		};
		7DBDD89DF31EB3DAB3CCA475 /* endpoints */ = {
			isa = PBXGroup;
			children = (
				7DBDD503DD9E4FF5F61F8838 /* GithubApi.swift */,
				7DBDDCCC650DE098B7E055D6 /* ApiConstants.swift */,
			);
			path = endpoints;
			sourceTree = "<group>";
		};
		7DBDDA006AA397A47B464520 /* list */ = {
			isa = PBXGroup;
			children = (
				7DBDD81D5C0ECDFC72E302B8 /* ListReposVC.swift */,
				7DBDD30808D6C13188343F16 /* ListReposVC.xib */,
			);
			path = list;
			sourceTree = "<group>";
		};
		7DBDDC7258D3ADA9405CA74F /* services */ = {
			isa = PBXGroup;
			children = (
			);
			path = services;
			sourceTree = "<group>";
		};
		7DBDDE51DC4111F5CBC80C1B /* presentation */ = {
			isa = PBXGroup;
			children = (
				7DBDDA006AA397A47B464520 /* list */,
			);
			path = presentation;
			sourceTree = "<group>";
		};
		FFF28BC72122BAF400DA94F4 = {
			isa = PBXGroup;
			children = (
				FFF28BD22122BAF400DA94F4 /* GithubReposApp */,
				FFF28BE72122BAF600DA94F4 /* GithubReposAppTests */,
				FFF28BF22122BAF600DA94F4 /* GithubReposAppUITests */,
				FFF28BD12122BAF400DA94F4 /* Products */,
				FFF28C012122CE6900DA94F4 /* Frameworks */,
			);
			sourceTree = "<group>";
		};
		FFF28BD12122BAF400DA94F4 /* Products */ = {
			isa = PBXGroup;
			children = (
				FFF28BD02122BAF400DA94F4 /* GithubReposApp.app */,
				FFF28BE42122BAF600DA94F4 /* GithubReposAppTests.xctest */,
				FFF28BEF2122BAF600DA94F4 /* GithubReposAppUITests.xctest */,
			);
			name = Products;
			sourceTree = "<group>";
		};
		FFF28BD22122BAF400DA94F4 /* GithubReposApp */ = {
			isa = PBXGroup;
			children = (
				FFF28BD32122BAF400DA94F4 /* AppDelegate.swift */,
				FFF28BDA2122BAF600DA94F4 /* Assets.xcassets */,
				FFF28BDC2122BAF600DA94F4 /* LaunchScreen.storyboard */,
				FFF28BDF2122BAF600DA94F4 /* Info.plist */,
				7DBDD893A2B4C812A237C6E2 /* data */,
				7DBDD5D1D4BE423E78E5EC5D /* domain */,
				7DBDDE51DC4111F5CBC80C1B /* presentation */,
			);
			path = GithubReposApp;
			sourceTree = "<group>";
		};
		FFF28BE72122BAF600DA94F4 /* GithubReposAppTests */ = {
			isa = PBXGroup;
			children = (
				FFF28BE82122BAF600DA94F4 /* GithubReposAppTests.swift */,
				FFF28BEA2122BAF600DA94F4 /* Info.plist */,
			);
			path = GithubReposAppTests;
			sourceTree = "<group>";
		};
		FFF28BF22122BAF600DA94F4 /* GithubReposAppUITests */ = {
			isa = PBXGroup;
			children = (
				FFF28BF32122BAF600DA94F4 /* GithubReposAppUITests.swift */,
				FFF28BF52122BAF600DA94F4 /* Info.plist */,
			);
			path = GithubReposAppUITests;
			sourceTree = "<group>";
		};
		FFF28C012122CE6900DA94F4 /* Frameworks */ = {
			isa = PBXGroup;
			children = (
				FFF28C0C2122CEDC00DA94F4 /* Alamofire.framework */,
				FFF28C022122CE6900DA94F4 /* Nimble.framework */,
				FFF28C032122CE6900DA94F4 /* Quick.framework */,
			);
			name = Frameworks;
			sourceTree = "<group>";
		};
/* End PBXGroup section */

/* Begin PBXNativeTarget section */
		FFF28BCF2122BAF400DA94F4 /* GithubReposApp */ = {
			isa = PBXNativeTarget;
			buildConfigurationList = FFF28BF82122BAF600DA94F4 /* Build configuration list for PBXNativeTarget "GithubReposApp" */;
			buildPhases = (
				FFF28BCC2122BAF400DA94F4 /* Sources */,
				FFF28BCD2122BAF400DA94F4 /* Frameworks */,
				FFF28BCE2122BAF400DA94F4 /* Resources */,
				FFF28C212122D22600DA94F4 /* ShellScript */,
			);
			buildRules = (
			);
			dependencies = (
			);
			name = GithubReposApp;
			productName = GithubReposApp;
			productReference = FFF28BD02122BAF400DA94F4 /* GithubReposApp.app */;
			productType = "com.apple.product-type.application";
		};
		FFF28BE32122BAF600DA94F4 /* GithubReposAppTests */ = {
			isa = PBXNativeTarget;
			buildConfigurationList = FFF28BFB2122BAF600DA94F4 /* Build configuration list for PBXNativeTarget "GithubReposAppTests" */;
			buildPhases = (
				FFF28BE02122BAF600DA94F4 /* Sources */,
				FFF28BE12122BAF600DA94F4 /* Frameworks */,
				FFF28BE22122BAF600DA94F4 /* Resources */,
			);
			buildRules = (
			);
			dependencies = (
				FFF28BE62122BAF600DA94F4 /* PBXTargetDependency */,
			);
			name = GithubReposAppTests;
			productName = GithubReposAppTests;
			productReference = FFF28BE42122BAF600DA94F4 /* GithubReposAppTests.xctest */;
			productType = "com.apple.product-type.bundle.unit-test";
		};
		FFF28BEE2122BAF600DA94F4 /* GithubReposAppUITests */ = {
			isa = PBXNativeTarget;
			buildConfigurationList = FFF28BFE2122BAF600DA94F4 /* Build configuration list for PBXNativeTarget "GithubReposAppUITests" */;
			buildPhases = (
				FFF28BEB2122BAF600DA94F4 /* Sources */,
				FFF28BEC2122BAF600DA94F4 /* Frameworks */,
				FFF28BED2122BAF600DA94F4 /* Resources */,
			);
			buildRules = (
			);
			dependencies = (
				FFF28BF12122BAF600DA94F4 /* PBXTargetDependency */,
			);
			name = GithubReposAppUITests;
			productName = GithubReposAppUITests;
			productReference = FFF28BEF2122BAF600DA94F4 /* GithubReposAppUITests.xctest */;
			productType = "com.apple.product-type.bundle.ui-testing";
		};
/* End PBXNativeTarget section */

/* Begin PBXProject section */
		FFF28BC82122BAF400DA94F4 /* Project object */ = {
			isa = PBXProject;
			attributes = {
				LastSwiftUpdateCheck = 0940;
				LastUpgradeCheck = 0940;
				ORGANIZATIONNAME = abelFernandez;
				TargetAttributes = {
					FFF28BCF2122BAF400DA94F4 = {
						CreatedOnToolsVersion = 9.4.1;
					};
					FFF28BE32122BAF600DA94F4 = {
						CreatedOnToolsVersion = 9.4.1;
						TestTargetID = FFF28BCF2122BAF400DA94F4;
					};
					FFF28BEE2122BAF600DA94F4 = {
						CreatedOnToolsVersion = 9.4.1;
						TestTargetID = FFF28BCF2122BAF400DA94F4;
					};
				};
			};
			buildConfigurationList = FFF28BCB2122BAF400DA94F4 /* Build configuration list for PBXProject "GithubReposApp" */;
			compatibilityVersion = "Xcode 9.3";
			developmentRegion = en;
			hasScannedForEncodings = 0;
			knownRegions = (
				en,
				Base,
			);
			mainGroup = FFF28BC72122BAF400DA94F4;
			productRefGroup = FFF28BD12122BAF400DA94F4 /* Products */;
			projectDirPath = "";
			projectRoot = "";
			targets = (
				FFF28BCF2122BAF400DA94F4 /* GithubReposApp */,
				FFF28BE32122BAF600DA94F4 /* GithubReposAppTests */,
				FFF28BEE2122BAF600DA94F4 /* GithubReposAppUITests */,
			);
		};
/* End PBXProject section */

/* Begin PBXResourcesBuildPhase section */
		FFF28BCE2122BAF400DA94F4 /* Resources */ = {
			isa = PBXResourcesBuildPhase;
			buildActionMask = 2147483647;
			files = (
				FFF28BDE2122BAF600DA94F4 /* LaunchScreen.storyboard in Resources */,
				FFF28BDB2122BAF600DA94F4 /* Assets.xcassets in Resources */,
				7DBDD94AA7D403247982B802 /* ListReposVC.xib in Resources */,
			);
			runOnlyForDeploymentPostprocessing = 0;
		};
		FFF28BE22122BAF600DA94F4 /* Resources */ = {
			isa = PBXResourcesBuildPhase;
			buildActionMask = 2147483647;
			files = (
				FFF28C182122D11A00DA94F4 /* Nimble.framework in Resources */,
				FFF28C192122D11A00DA94F4 /* Quick.framework in Resources */,
			);
			runOnlyForDeploymentPostprocessing = 0;
		};
		FFF28BED2122BAF600DA94F4 /* Resources */ = {
			isa = PBXResourcesBuildPhase;
			buildActionMask = 2147483647;
			files = (
				FFF28C1E2122D13800DA94F4 /* Nimble.framework in Resources */,
				FFF28C1F2122D13800DA94F4 /* Quick.framework in Resources */,
			);
			runOnlyForDeploymentPostprocessing = 0;
		};
/* End PBXResourcesBuildPhase section */

/* Begin PBXShellScriptBuildPhase section */
		FFF28C212122D22600DA94F4 /* ShellScript */ = {
			isa = PBXShellScriptBuildPhase;
			buildActionMask = 2147483647;
			files = (
			);
			inputPaths = (
				"$(SRCROOT)/Carthage/Build/iOS/Alamofire.framework",
			);
			outputPaths = (
			);
			runOnlyForDeploymentPostprocessing = 0;
			shellPath = /bin/sh;
			shellScript = "/usr/local/bin/carthage copy-frameworks\n";
		};
/* End PBXShellScriptBuildPhase section */

/* Begin PBXSourcesBuildPhase section */
		FFF28BCC2122BAF400DA94F4 /* Sources */ = {
			isa = PBXSourcesBuildPhase;
			buildActionMask = 2147483647;
			files = (
				FFF28BD42122BAF400DA94F4 /* AppDelegate.swift in Sources */,
				7DBDD6CAE2CEA72C0ED28E09 /* ListReposVC.swift in Sources */,
				7DBDD4D2A8570147AC06A4DA /* ApiExecutionService.swift in Sources */,
				7DBDDF5D6FE62894C75765ED /* GithubApi.swift in Sources */,
				7DBDD18A6FBB7C349717AE1E /* ApiConstants.swift in Sources */,
				7DBDD8BA76FC989D66369F73 /* ApiResult.swift in Sources */,
				7DBDD450613CAD55A57E5531 /* ApiError.swift in Sources */,
				7DBDDF95B154CE12F58CB04E /* Repository.swift in Sources */,
				7DBDD415FFC3531225B44AB5 /* RepositoryOwner.swift in Sources */,
				7DBDDD32A40D26A695709CFB /* GithubRepository.swift in Sources */,
			);
			runOnlyForDeploymentPostprocessing = 0;
		};
		FFF28BE02122BAF600DA94F4 /* Sources */ = {
			isa = PBXSourcesBuildPhase;
			buildActionMask = 2147483647;
			files = (
				FFF28BE92122BAF600DA94F4 /* GithubReposAppTests.swift in Sources */,
			);
			runOnlyForDeploymentPostprocessing = 0;
		};
		FFF28BEB2122BAF600DA94F4 /* Sources */ = {
			isa = PBXSourcesBuildPhase;
			buildActionMask = 2147483647;
			files = (
				FFF28BF42122BAF600DA94F4 /* GithubReposAppUITests.swift in Sources */,
			);
			runOnlyForDeploymentPostprocessing = 0;
		};
/* End PBXSourcesBuildPhase section */

/* Begin PBXTargetDependency section */
		FFF28BE62122BAF600DA94F4 /* PBXTargetDependency */ = {
			isa = PBXTargetDependency;
			target = FFF28BCF2122BAF400DA94F4 /* GithubReposApp */;
			targetProxy = FFF28BE52122BAF600DA94F4 /* PBXContainerItemProxy */;
		};
		FFF28BF12122BAF600DA94F4 /* PBXTargetDependency */ = {
			isa = PBXTargetDependency;
			target = FFF28BCF2122BAF400DA94F4 /* GithubReposApp */;
			targetProxy = FFF28BF02122BAF600DA94F4 /* PBXContainerItemProxy */;
		};
/* End PBXTargetDependency section */

/* Begin PBXVariantGroup section */
		FFF28BDC2122BAF600DA94F4 /* LaunchScreen.storyboard */ = {
			isa = PBXVariantGroup;
			children = (
				FFF28BDD2122BAF600DA94F4 /* Base */,
			);
			name = LaunchScreen.storyboard;
			sourceTree = "<group>";
		};
/* End PBXVariantGroup section */

/* Begin XCBuildConfiguration section */
		FFF28BF62122BAF600DA94F4 /* Debug */ = {
			isa = XCBuildConfiguration;
			buildSettings = {
				ALWAYS_SEARCH_USER_PATHS = NO;
				CLANG_ANALYZER_NONNULL = YES;
				CLANG_ANALYZER_NUMBER_OBJECT_CONVERSION = YES_AGGRESSIVE;
				CLANG_CXX_LANGUAGE_STANDARD = "gnu++14";
				CLANG_CXX_LIBRARY = "libc++";
				CLANG_ENABLE_MODULES = YES;
				CLANG_ENABLE_OBJC_ARC = YES;
				CLANG_ENABLE_OBJC_WEAK = YES;
				CLANG_WARN_BLOCK_CAPTURE_AUTORELEASING = YES;
				CLANG_WARN_BOOL_CONVERSION = YES;
				CLANG_WARN_COMMA = YES;
				CLANG_WARN_CONSTANT_CONVERSION = YES;
				CLANG_WARN_DEPRECATED_OBJC_IMPLEMENTATIONS = YES;
				CLANG_WARN_DIRECT_OBJC_ISA_USAGE = YES_ERROR;
				CLANG_WARN_DOCUMENTATION_COMMENTS = YES;
				CLANG_WARN_EMPTY_BODY = YES;
				CLANG_WARN_ENUM_CONVERSION = YES;
				CLANG_WARN_INFINITE_RECURSION = YES;
				CLANG_WARN_INT_CONVERSION = YES;
				CLANG_WARN_NON_LITERAL_NULL_CONVERSION = YES;
				CLANG_WARN_OBJC_IMPLICIT_RETAIN_SELF = YES;
				CLANG_WARN_OBJC_LITERAL_CONVERSION = YES;
				CLANG_WARN_OBJC_ROOT_CLASS = YES_ERROR;
				CLANG_WARN_RANGE_LOOP_ANALYSIS = YES;
				CLANG_WARN_STRICT_PROTOTYPES = YES;
				CLANG_WARN_SUSPICIOUS_MOVE = YES;
				CLANG_WARN_UNGUARDED_AVAILABILITY = YES_AGGRESSIVE;
				CLANG_WARN_UNREACHABLE_CODE = YES;
				CLANG_WARN__DUPLICATE_METHOD_MATCH = YES;
				CODE_SIGN_IDENTITY = "iPhone Developer";
				COPY_PHASE_STRIP = NO;
				DEBUG_INFORMATION_FORMAT = dwarf;
				ENABLE_STRICT_OBJC_MSGSEND = YES;
				ENABLE_TESTABILITY = YES;
				GCC_C_LANGUAGE_STANDARD = gnu11;
				GCC_DYNAMIC_NO_PIC = NO;
				GCC_NO_COMMON_BLOCKS = YES;
				GCC_OPTIMIZATION_LEVEL = 0;
				GCC_PREPROCESSOR_DEFINITIONS = (
					"DEBUG=1",
					"$(inherited)",
				);
				GCC_WARN_64_TO_32_BIT_CONVERSION = YES;
				GCC_WARN_ABOUT_RETURN_TYPE = YES_ERROR;
				GCC_WARN_UNDECLARED_SELECTOR = YES;
				GCC_WARN_UNINITIALIZED_AUTOS = YES_AGGRESSIVE;
				GCC_WARN_UNUSED_FUNCTION = YES;
				GCC_WARN_UNUSED_VARIABLE = YES;
				IPHONEOS_DEPLOYMENT_TARGET = 11.4;
				MTL_ENABLE_DEBUG_INFO = YES;
				ONLY_ACTIVE_ARCH = YES;
				SDKROOT = iphoneos;
				SWIFT_ACTIVE_COMPILATION_CONDITIONS = DEBUG;
				SWIFT_OPTIMIZATION_LEVEL = "-Onone";
			};
			name = Debug;
		};
		FFF28BF72122BAF600DA94F4 /* Release */ = {
			isa = XCBuildConfiguration;
			buildSettings = {
				ALWAYS_SEARCH_USER_PATHS = NO;
				CLANG_ANALYZER_NONNULL = YES;
				CLANG_ANALYZER_NUMBER_OBJECT_CONVERSION = YES_AGGRESSIVE;
				CLANG_CXX_LANGUAGE_STANDARD = "gnu++14";
				CLANG_CXX_LIBRARY = "libc++";
				CLANG_ENABLE_MODULES = YES;
				CLANG_ENABLE_OBJC_ARC = YES;
				CLANG_ENABLE_OBJC_WEAK = YES;
				CLANG_WARN_BLOCK_CAPTURE_AUTORELEASING = YES;
				CLANG_WARN_BOOL_CONVERSION = YES;
				CLANG_WARN_COMMA = YES;
				CLANG_WARN_CONSTANT_CONVERSION = YES;
				CLANG_WARN_DEPRECATED_OBJC_IMPLEMENTATIONS = YES;
				CLANG_WARN_DIRECT_OBJC_ISA_USAGE = YES_ERROR;
				CLANG_WARN_DOCUMENTATION_COMMENTS = YES;
				CLANG_WARN_EMPTY_BODY = YES;
				CLANG_WARN_ENUM_CONVERSION = YES;
				CLANG_WARN_INFINITE_RECURSION = YES;
				CLANG_WARN_INT_CONVERSION = YES;
				CLANG_WARN_NON_LITERAL_NULL_CONVERSION = YES;
				CLANG_WARN_OBJC_IMPLICIT_RETAIN_SELF = YES;
				CLANG_WARN_OBJC_LITERAL_CONVERSION = YES;
				CLANG_WARN_OBJC_ROOT_CLASS = YES_ERROR;
				CLANG_WARN_RANGE_LOOP_ANALYSIS = YES;
				CLANG_WARN_STRICT_PROTOTYPES = YES;
				CLANG_WARN_SUSPICIOUS_MOVE = YES;
				CLANG_WARN_UNGUARDED_AVAILABILITY = YES_AGGRESSIVE;
				CLANG_WARN_UNREACHABLE_CODE = YES;
				CLANG_WARN__DUPLICATE_METHOD_MATCH = YES;
				CODE_SIGN_IDENTITY = "iPhone Developer";
				COPY_PHASE_STRIP = NO;
				DEBUG_INFORMATION_FORMAT = "dwarf-with-dsym";
				ENABLE_NS_ASSERTIONS = NO;
				ENABLE_STRICT_OBJC_MSGSEND = YES;
				GCC_C_LANGUAGE_STANDARD = gnu11;
				GCC_NO_COMMON_BLOCKS = YES;
				GCC_WARN_64_TO_32_BIT_CONVERSION = YES;
				GCC_WARN_ABOUT_RETURN_TYPE = YES_ERROR;
				GCC_WARN_UNDECLARED_SELECTOR = YES;
				GCC_WARN_UNINITIALIZED_AUTOS = YES_AGGRESSIVE;
				GCC_WARN_UNUSED_FUNCTION = YES;
				GCC_WARN_UNUSED_VARIABLE = YES;
				IPHONEOS_DEPLOYMENT_TARGET = 11.4;
				MTL_ENABLE_DEBUG_INFO = NO;
				SDKROOT = iphoneos;
				SWIFT_COMPILATION_MODE = wholemodule;
				SWIFT_OPTIMIZATION_LEVEL = "-O";
				VALIDATE_PRODUCT = YES;
			};
			name = Release;
		};
		FFF28BF92122BAF600DA94F4 /* Debug */ = {
			isa = XCBuildConfiguration;
			buildSettings = {
				ASSETCATALOG_COMPILER_APPICON_NAME = AppIcon;
				CODE_SIGN_STYLE = Automatic;
				DEVELOPMENT_TEAM = 4T652UKED3;
				FRAMEWORK_SEARCH_PATHS = (
					"$(inherited)",
					"$(PROJECT_DIR)/Carthage/Build/iOS",
				);
				INFOPLIST_FILE = GithubReposApp/Info.plist;
				IPHONEOS_DEPLOYMENT_TARGET = 9.3;
				LD_RUNPATH_SEARCH_PATHS = (
					"$(inherited)",
					"@executable_path/Frameworks",
				);
				PRODUCT_BUNDLE_IDENTIFIER = com.daferpi.GithubReposApp;
				PRODUCT_NAME = "$(TARGET_NAME)";
				SWIFT_VERSION = 4.0;
				TARGETED_DEVICE_FAMILY = "1,2";
			};
			name = Debug;
		};
		FFF28BFA2122BAF600DA94F4 /* Release */ = {
			isa = XCBuildConfiguration;
			buildSettings = {
				ASSETCATALOG_COMPILER_APPICON_NAME = AppIcon;
				CODE_SIGN_STYLE = Automatic;
				DEVELOPMENT_TEAM = 4T652UKED3;
				FRAMEWORK_SEARCH_PATHS = (
					"$(inherited)",
					"$(PROJECT_DIR)/Carthage/Build/iOS",
				);
				INFOPLIST_FILE = GithubReposApp/Info.plist;
				IPHONEOS_DEPLOYMENT_TARGET = 9.3;
				LD_RUNPATH_SEARCH_PATHS = (
					"$(inherited)",
					"@executable_path/Frameworks",
				);
				PRODUCT_BUNDLE_IDENTIFIER = com.daferpi.GithubReposApp;
				PRODUCT_NAME = "$(TARGET_NAME)";
				SWIFT_VERSION = 4.0;
				TARGETED_DEVICE_FAMILY = "1,2";
			};
			name = Release;
		};
		FFF28BFC2122BAF600DA94F4 /* Debug */ = {
			isa = XCBuildConfiguration;
			buildSettings = {
				ALWAYS_EMBED_SWIFT_STANDARD_LIBRARIES = YES;
				BUNDLE_LOADER = "$(TEST_HOST)";
				CODE_SIGN_STYLE = Automatic;
				DEVELOPMENT_TEAM = 4T652UKED3;
				FRAMEWORK_SEARCH_PATHS = (
					"$(inherited)",
					"$(PROJECT_DIR)/Carthage/Build/iOS",
				);
				INFOPLIST_FILE = GithubReposAppTests/Info.plist;
				LD_RUNPATH_SEARCH_PATHS = (
					"$(inherited)",
					"@executable_path/Frameworks",
					"@loader_path/Frameworks",
				);
				PRODUCT_BUNDLE_IDENTIFIER = com.daferpi.GithubReposAppTests;
				PRODUCT_NAME = "$(TARGET_NAME)";
				SWIFT_VERSION = 4.0;
				TARGETED_DEVICE_FAMILY = "1,2";
				TEST_HOST = "$(BUILT_PRODUCTS_DIR)/GithubReposApp.app/GithubReposApp";
			};
			name = Debug;
		};
		FFF28BFD2122BAF600DA94F4 /* Release */ = {
			isa = XCBuildConfiguration;
			buildSettings = {
				ALWAYS_EMBED_SWIFT_STANDARD_LIBRARIES = YES;
				BUNDLE_LOADER = "$(TEST_HOST)";
				CODE_SIGN_STYLE = Automatic;
				DEVELOPMENT_TEAM = 4T652UKED3;
				FRAMEWORK_SEARCH_PATHS = (
					"$(inherited)",
					"$(PROJECT_DIR)/Carthage/Build/iOS",
				);
				INFOPLIST_FILE = GithubReposAppTests/Info.plist;
				LD_RUNPATH_SEARCH_PATHS = (
					"$(inherited)",
					"@executable_path/Frameworks",
					"@loader_path/Frameworks",
				);
				PRODUCT_BUNDLE_IDENTIFIER = com.daferpi.GithubReposAppTests;
				PRODUCT_NAME = "$(TARGET_NAME)";
				SWIFT_VERSION = 4.0;
				TARGETED_DEVICE_FAMILY = "1,2";
				TEST_HOST = "$(BUILT_PRODUCTS_DIR)/GithubReposApp.app/GithubReposApp";
			};
			name = Release;
		};
		FFF28BFF2122BAF600DA94F4 /* Debug */ = {
			isa = XCBuildConfiguration;
			buildSettings = {
				ALWAYS_EMBED_SWIFT_STANDARD_LIBRARIES = YES;
				CODE_SIGN_STYLE = Automatic;
				DEVELOPMENT_TEAM = 4T652UKED3;
				FRAMEWORK_SEARCH_PATHS = (
					"$(inherited)",
					"$(PROJECT_DIR)/Carthage/Build/iOS",
				);
				INFOPLIST_FILE = GithubReposAppUITests/Info.plist;
				LD_RUNPATH_SEARCH_PATHS = (
					"$(inherited)",
					"@executable_path/Frameworks",
					"@loader_path/Frameworks",
				);
				PRODUCT_BUNDLE_IDENTIFIER = com.daferpi.GithubReposAppUITests;
				PRODUCT_NAME = "$(TARGET_NAME)";
				SWIFT_VERSION = 4.0;
				TARGETED_DEVICE_FAMILY = "1,2";
				TEST_TARGET_NAME = GithubReposApp;
			};
			name = Debug;
		};
		FFF28C002122BAF600DA94F4 /* Release */ = {
			isa = XCBuildConfiguration;
			buildSettings = {
				ALWAYS_EMBED_SWIFT_STANDARD_LIBRARIES = YES;
				CODE_SIGN_STYLE = Automatic;
				DEVELOPMENT_TEAM = 4T652UKED3;
				FRAMEWORK_SEARCH_PATHS = (
					"$(inherited)",
					"$(PROJECT_DIR)/Carthage/Build/iOS",
				);
				INFOPLIST_FILE = GithubReposAppUITests/Info.plist;
				LD_RUNPATH_SEARCH_PATHS = (
					"$(inherited)",
					"@executable_path/Frameworks",
					"@loader_path/Frameworks",
				);
				PRODUCT_BUNDLE_IDENTIFIER = com.daferpi.GithubReposAppUITests;
				PRODUCT_NAME = "$(TARGET_NAME)";
				SWIFT_VERSION = 4.0;
				TARGETED_DEVICE_FAMILY = "1,2";
				TEST_TARGET_NAME = GithubReposApp;
			};
			name = Release;
		};
/* End XCBuildConfiguration section */

/* Begin XCConfigurationList section */
		FFF28BCB2122BAF400DA94F4 /* Build configuration list for PBXProject "GithubReposApp" */ = {
			isa = XCConfigurationList;
			buildConfigurations = (
				FFF28BF62122BAF600DA94F4 /* Debug */,
				FFF28BF72122BAF600DA94F4 /* Release */,
			);
			defaultConfigurationIsVisible = 0;
			defaultConfigurationName = Release;
		};
		FFF28BF82122BAF600DA94F4 /* Build configuration list for PBXNativeTarget "GithubReposApp" */ = {
			isa = XCConfigurationList;
			buildConfigurations = (
				FFF28BF92122BAF600DA94F4 /* Debug */,
				FFF28BFA2122BAF600DA94F4 /* Release */,
			);
			defaultConfigurationIsVisible = 0;
			defaultConfigurationName = Release;
		};
		FFF28BFB2122BAF600DA94F4 /* Build configuration list for PBXNativeTarget "GithubReposAppTests" */ = {
			isa = XCConfigurationList;
			buildConfigurations = (
				FFF28BFC2122BAF600DA94F4 /* Debug */,
				FFF28BFD2122BAF600DA94F4 /* Release */,
			);
			defaultConfigurationIsVisible = 0;
			defaultConfigurationName = Release;
		};
		FFF28BFE2122BAF600DA94F4 /* Build configuration list for PBXNativeTarget "GithubReposAppUITests" */ = {
			isa = XCConfigurationList;
			buildConfigurations = (
				FFF28BFF2122BAF600DA94F4 /* Debug */,
				FFF28C002122BAF600DA94F4 /* Release */,
			);
			defaultConfigurationIsVisible = 0;
			defaultConfigurationName = Release;
		};
/* End XCConfigurationList section */
	};
	rootObject = FFF28BC82122BAF400DA94F4 /* Project object */;
}
